// !$*UTF8*$!
{
	archiveVersion = 1;
	classes = {
	};
	objectVersion = 46;
	objects = {

/* Begin PBXFileReference section */
		8BFD90BEA65AD6FCEC09224D /* FuntionalProgramming.md */ = {isa = PBXFileReference; fileEncoding = 4; lastKnownFileType = net.daringfireball.markdown; path = FuntionalProgramming.md; sourceTree = "<group>"; };
		8BFD9200C5EF54FF9195D381 /* README.md */ = {isa = PBXFileReference; fileEncoding = 4; lastKnownFileType = net.daringfireball.markdown; path = README.md; sourceTree = "<group>"; };
		8BFD921A074B26546543829E /* AceessControl.md */ = {isa = PBXFileReference; fileEncoding = 4; lastKnownFileType = net.daringfireball.markdown; path = AceessControl.md; sourceTree = "<group>"; };
		8BFD93AFF7596C380C49A94E /* ClassAndStruct.md */ = {isa = PBXFileReference; fileEncoding = 4; lastKnownFileType = net.daringfireball.markdown; path = ClassAndStruct.md; sourceTree = "<group>"; };
		8BFD9464FA3788FE6D08EAD7 /* FlowControll.md */ = {isa = PBXFileReference; fileEncoding = 4; lastKnownFileType = net.daringfireball.markdown; path = FlowControll.md; sourceTree = "<group>"; };
		8BFD9596BA21D0C5D990BDAE /* Instance.md */ = {isa = PBXFileReference; fileEncoding = 4; lastKnownFileType = net.daringfireball.markdown; path = Instance.md; sourceTree = "<group>"; };
		8BFD95A12DFD7EC1CD4F5EFA /* Basic.swift */ = {isa = PBXFileReference; fileEncoding = 4; lastKnownFileType = sourcecode.swift; path = Basic.swift; sourceTree = "<group>"; };
		8BFD96495B2629052612C2FB /* aaa.playground */ = {isa = PBXFileReference; lastKnownFileType = file.playground; path = aaa.playground; sourceTree = "<group>"; };
		8BFD97B760CF6056F6066AF1 /* Protocol.md */ = {isa = PBXFileReference; fileEncoding = 4; lastKnownFileType = net.daringfireball.markdown; path = Protocol.md; sourceTree = "<group>"; };
		8BFD97D8E4E97D9AEDAC0F5B /* OptinalChaning.md */ = {isa = PBXFileReference; fileEncoding = 4; lastKnownFileType = net.daringfireball.markdown; path = OptinalChaning.md; sourceTree = "<group>"; };
		8BFD98E6E9FE97458627DA5E /* Inheritance.md */ = {isa = PBXFileReference; lastKnownFileType = "file.ㅡㅇ"; path = Inheritance.md; sourceTree = "<group>"; };
		8BFD9923184F7A9237BA64F1 /* Pattern.md */ = {isa = PBXFileReference; fileEncoding = 4; lastKnownFileType = net.daringfireball.markdown; path = Pattern.md; sourceTree = "<group>"; };
		8BFD9B394D84D7858A0E8B1D /* Extensions.md */ = {isa = PBXFileReference; fileEncoding = 4; lastKnownFileType = net.daringfireball.markdown; path = Extensions.md; sourceTree = "<group>"; };
		8BFD9BDE3DC6D9BBD0857BC3 /* Optional.md */ = {isa = PBXFileReference; fileEncoding = 4; lastKnownFileType = net.daringfireball.markdown; path = Optional.md; sourceTree = "<group>"; };
		8BFD9C1AA91A5385BDB47F09 /* TypeCasting.md */ = {isa = PBXFileReference; fileEncoding = 4; lastKnownFileType = net.daringfireball.markdown; path = TypeCasting.md; sourceTree = "<group>"; };
		8BFD9CAE6FEB548621992266 /* Type.md */ = {isa = PBXFileReference; fileEncoding = 4; lastKnownFileType = net.daringfireball.markdown; path = Type.md; sourceTree = "<group>"; };
		8BFD9D196DD1C957692DA0FF /* 1weeks.md */ = {isa = PBXFileReference; fileEncoding = 4; lastKnownFileType = net.daringfireball.markdown; path = 1weeks.md; sourceTree = "<group>"; };
		8BFD9D6DA61E1DC70DFF25AF /* Closure.md */ = {isa = PBXFileReference; fileEncoding = 4; lastKnownFileType = net.daringfireball.markdown; path = Closure.md; sourceTree = "<group>"; };
		8BFD9DF405149670FE344DC3 /* Subscript.md */ = {isa = PBXFileReference; fileEncoding = 4; lastKnownFileType = net.daringfireball.markdown; path = Subscript.md; sourceTree = "<group>"; };
		8BFD9EE933DFB5368A83AB64 /* PropertyAndMethod.md */ = {isa = PBXFileReference; fileEncoding = 4; lastKnownFileType = net.daringfireball.markdown; path = PropertyAndMethod.md; sourceTree = "<group>"; };
		8BFD9F2ABB33E2A6B36CFF01 /* Funtion.md */ = {isa = PBXFileReference; fileEncoding = 4; lastKnownFileType = net.daringfireball.markdown; path = Funtion.md; sourceTree = "<group>"; };
		8BFD9FA48236CF3DDEB5483E /* Operator.md */ = {isa = PBXFileReference; fileEncoding = 4; lastKnownFileType = net.daringfireball.markdown; path = Operator.md; sourceTree = "<group>"; };
/* End PBXFileReference section */

/* Begin PBXGroup section */
		8BFD909BA0D91B8961C1FAA8 = {
			isa = PBXGroup;
			children = (
				8BFD9D06FA8F02EA418360F0 /* Products */,
				8BFD9200C5EF54FF9195D381 /* README.md */,
				8BFD9914401E0D3A59EAE4A2 /* Markdown */,
				8BFD96495B2629052612C2FB /* aaa.playground */,
				8BFD92E683771E560293F6AC /* Xcode&Ios */,
			);
			sourceTree = "<group>";
		};
		8BFD92E683771E560293F6AC /* Xcode&Ios */ = {
			isa = PBXGroup;
			children = (
				8BFD9D196DD1C957692DA0FF /* 1weeks.md */,
			);
			path = "Xcode&Ios";
			sourceTree = "<group>";
		};
		8BFD9914401E0D3A59EAE4A2 /* Markdown */ = {
			isa = PBXGroup;
			children = (
				8BFD9CAE6FEB548621992266 /* Type.md */,
				8BFD9FA48236CF3DDEB5483E /* Operator.md */,
				8BFD9464FA3788FE6D08EAD7 /* FlowControll.md */,
				8BFD9F2ABB33E2A6B36CFF01 /* Funtion.md */,
				8BFD9BDE3DC6D9BBD0857BC3 /* Optional.md */,
				8BFD93AFF7596C380C49A94E /* ClassAndStruct.md */,
				8BFD9EE933DFB5368A83AB64 /* PropertyAndMethod.md */,
				8BFD9596BA21D0C5D990BDAE /* Instance.md */,
				8BFD921A074B26546543829E /* AceessControl.md */,
				8BFD9D6DA61E1DC70DFF25AF /* Closure.md */,
				8BFD97D8E4E97D9AEDAC0F5B /* OptinalChaning.md */,
				8BFD90BEA65AD6FCEC09224D /* FuntionalProgramming.md */,
				8BFD9DF405149670FE344DC3 /* Subscript.md */,
				8BFD98E6E9FE97458627DA5E /* Inheritance.md */,
				8BFD9C1AA91A5385BDB47F09 /* TypeCasting.md */,
				8BFD97B760CF6056F6066AF1 /* Protocol.md */,
				8BFD9B394D84D7858A0E8B1D /* Extensions.md */,
				8BFD9923184F7A9237BA64F1 /* Pattern.md */,
			);
			path = Markdown;
			sourceTree = "<group>";
		};
		8BFD9D06FA8F02EA418360F0 /* Products */ = {
			isa = PBXGroup;
			children = (
				8BFD95A12DFD7EC1CD4F5EFA /* Basic.swift */,
			);
			name = Products;
			sourceTree = "<group>";
		};
/* End PBXGroup section */

/* Begin PBXProject section */
		8BFD948DCC1D185342BEA068 /* Project object */ = {
			isa = PBXProject;
			buildConfigurationList = 8BFD9741509ABE46529A31AA /* Build configuration list for PBXProject "Swift" */;
			compatibilityVersion = "Xcode 3.2";
			developmentRegion = English;
			hasScannedForEncodings = 0;
			knownRegions = (
				en,
			);
			mainGroup = 8BFD909BA0D91B8961C1FAA8;
			productRefGroup = 8BFD9D06FA8F02EA418360F0 /* Products */;
			projectDirPath = "";
			projectRoot = "";
			targets = (
			);
		};
/* End PBXProject section */

/* Begin XCBuildConfiguration section */
		8BFD9073535765FB723580EB /* Debug */ = {
			isa = XCBuildConfiguration;
			buildSettings = {
			};
			name = Debug;
		};
		8BFD96C103007E1047D8262E /* Release */ = {
			isa = XCBuildConfiguration;
			buildSettings = {
			};
			name = Release;
		};
/* End XCBuildConfiguration section */

/* Begin XCConfigurationList section */
		8BFD9741509ABE46529A31AA /* Build configuration list for PBXProject "Swift" */ = {
			isa = XCConfigurationList;
			buildConfigurations = (
				8BFD9073535765FB723580EB /* Debug */,
				8BFD96C103007E1047D8262E /* Release */,
			);
			defaultConfigurationIsVisible = 0;
			defaultConfigurationName = Release;
		};
/* End XCConfigurationList section */
	};
	rootObject = 8BFD948DCC1D185342BEA068 /* Project object */;
}
