// !$*UTF8*$!
{
	archiveVersion = 1;
	classes = {
	};
	objectVersion = 48;
	objects = {

/* Begin PBXBuildFile section */
		2FE671592018A7D200A271B7 /* AppDelegate.swift in Sources */ = {isa = PBXBuildFile; fileRef = 2FE671582018A7D200A271B7 /* AppDelegate.swift */; };
		2FE6715B2018A7D200A271B7 /* ViewController.swift in Sources */ = {isa = PBXBuildFile; fileRef = 2FE6715A2018A7D200A271B7 /* ViewController.swift */; };
		2FE6715E2018A7D200A271B7 /* Main.storyboard in Resources */ = {isa = PBXBuildFile; fileRef = 2FE6715C2018A7D200A271B7 /* Main.storyboard */; };
		2FE671602018A7D200A271B7 /* Assets.xcassets in Resources */ = {isa = PBXBuildFile; fileRef = 2FE6715F2018A7D200A271B7 /* Assets.xcassets */; };
		2FE671632018A7D200A271B7 /* LaunchScreen.storyboard in Resources */ = {isa = PBXBuildFile; fileRef = 2FE671612018A7D200A271B7 /* LaunchScreen.storyboard */; };
		2FE6716E2018A7D200A271B7 /* SlackUITests.swift in Sources */ = {isa = PBXBuildFile; fileRef = 2FE6716D2018A7D200A271B7 /* SlackUITests.swift */; };
		2FE671792018A7D200A271B7 /* SlackUIUITests.swift in Sources */ = {isa = PBXBuildFile; fileRef = 2FE671782018A7D200A271B7 /* SlackUIUITests.swift */; };
/* End PBXBuildFile section */

/* Begin PBXContainerItemProxy section */
		2FE6716A2018A7D200A271B7 /* PBXContainerItemProxy */ = {
			isa = PBXContainerItemProxy;
			containerPortal = 2FE6714D2018A7D200A271B7 /* Project object */;
			proxyType = 1;
			remoteGlobalIDString = 2FE671542018A7D200A271B7;
			remoteInfo = SlackUI;
		};
		2FE671752018A7D200A271B7 /* PBXContainerItemProxy */ = {
			isa = PBXContainerItemProxy;
			containerPortal = 2FE6714D2018A7D200A271B7 /* Project object */;
			proxyType = 1;
			remoteGlobalIDString = 2FE671542018A7D200A271B7;
			remoteInfo = SlackUI;
		};
/* End PBXContainerItemProxy section */

/* Begin PBXFileReference section */
		2FE671552018A7D200A271B7 /* SlackUI.app */ = {isa = PBXFileReference; explicitFileType = wrapper.application; includeInIndex = 0; path = SlackUI.app; sourceTree = BUILT_PRODUCTS_DIR; };
		2FE671582018A7D200A271B7 /* AppDelegate.swift */ = {isa = PBXFileReference; lastKnownFileType = sourcecode.swift; path = AppDelegate.swift; sourceTree = "<group>"; };
		2FE6715A2018A7D200A271B7 /* ViewController.swift */ = {isa = PBXFileReference; lastKnownFileType = sourcecode.swift; path = ViewController.swift; sourceTree = "<group>"; };
		2FE6715D2018A7D200A271B7 /* Base */ = {isa = PBXFileReference; lastKnownFileType = file.storyboard; name = Base; path = Base.lproj/Main.storyboard; sourceTree = "<group>"; };
		2FE6715F2018A7D200A271B7 /* Assets.xcassets */ = {isa = PBXFileReference; lastKnownFileType = folder.assetcatalog; path = Assets.xcassets; sourceTree = "<group>"; };
		2FE671622018A7D200A271B7 /* Base */ = {isa = PBXFileReference; lastKnownFileType = file.storyboard; name = Base; path = Base.lproj/LaunchScreen.storyboard; sourceTree = "<group>"; };
		2FE671642018A7D200A271B7 /* Info.plist */ = {isa = PBXFileReference; lastKnownFileType = text.plist.xml; path = Info.plist; sourceTree = "<group>"; };
		2FE671692018A7D200A271B7 /* SlackUITests.xctest */ = {isa = PBXFileReference; explicitFileType = wrapper.cfbundle; includeInIndex = 0; path = SlackUITests.xctest; sourceTree = BUILT_PRODUCTS_DIR; };
		2FE6716D2018A7D200A271B7 /* SlackUITests.swift */ = {isa = PBXFileReference; lastKnownFileType = sourcecode.swift; path = SlackUITests.swift; sourceTree = "<group>"; };
		2FE6716F2018A7D200A271B7 /* Info.plist */ = {isa = PBXFileReference; lastKnownFileType = text.plist.xml; path = Info.plist; sourceTree = "<group>"; };
		2FE671742018A7D200A271B7 /* SlackUIUITests.xctest */ = {isa = PBXFileReference; explicitFileType = wrapper.cfbundle; includeInIndex = 0; path = SlackUIUITests.xctest; sourceTree = BUILT_PRODUCTS_DIR; };
		2FE671782018A7D200A271B7 /* SlackUIUITests.swift */ = {isa = PBXFileReference; lastKnownFileType = sourcecode.swift; path = SlackUIUITests.swift; sourceTree = "<group>"; };
		2FE6717A2018A7D200A271B7 /* Info.plist */ = {isa = PBXFileReference; lastKnownFileType = text.plist.xml; path = Info.plist; sourceTree = "<group>"; };
/* End PBXFileReference section */

/* Begin PBXFrameworksBuildPhase section */
		2FE671522018A7D200A271B7 /* Frameworks */ = {
			isa = PBXFrameworksBuildPhase;
			buildActionMask = 2147483647;
			files = (
			);
			runOnlyForDeploymentPostprocessing = 0;
		};
		2FE671662018A7D200A271B7 /* Frameworks */ = {
			isa = PBXFrameworksBuildPhase;
			buildActionMask = 2147483647;
			files = (
			);
			runOnlyForDeploymentPostprocessing = 0;
		};
		2FE671712018A7D200A271B7 /* Frameworks */ = {
			isa = PBXFrameworksBuildPhase;
			buildActionMask = 2147483647;
			files = (
			);
			runOnlyForDeploymentPostprocessing = 0;
		};
/* End PBXFrameworksBuildPhase section */

/* Begin PBXGroup section */
		2FE6714C2018A7D200A271B7 = {
			isa = PBXGroup;
			children = (
				2FE671572018A7D200A271B7 /* SlackUI */,
				2FE6716C2018A7D200A271B7 /* SlackUITests */,
				2FE671772018A7D200A271B7 /* SlackUIUITests */,
				2FE671562018A7D200A271B7 /* Products */,
			);
			sourceTree = "<group>";
		};
		2FE671562018A7D200A271B7 /* Products */ = {
			isa = PBXGroup;
			children = (
				2FE671552018A7D200A271B7 /* SlackUI.app */,
				2FE671692018A7D200A271B7 /* SlackUITests.xctest */,
				2FE671742018A7D200A271B7 /* SlackUIUITests.xctest */,
			);
			name = Products;
			sourceTree = "<group>";
		};
		2FE671572018A7D200A271B7 /* SlackUI */ = {
			isa = PBXGroup;
			children = (
				2FE671582018A7D200A271B7 /* AppDelegate.swift */,
				2FE6715A2018A7D200A271B7 /* ViewController.swift */,
				2FE6715C2018A7D200A271B7 /* Main.storyboard */,
				2FE6715F2018A7D200A271B7 /* Assets.xcassets */,
				2FE671612018A7D200A271B7 /* LaunchScreen.storyboard */,
				2FE671642018A7D200A271B7 /* Info.plist */,
			);
			path = SlackUI;
			sourceTree = "<group>";
		};
		2FE6716C2018A7D200A271B7 /* SlackUITests */ = {
			isa = PBXGroup;
			children = (
				2FE6716D2018A7D200A271B7 /* SlackUITests.swift */,
				2FE6716F2018A7D200A271B7 /* Info.plist */,
			);
			path = SlackUITests;
			sourceTree = "<group>";
		};
		2FE671772018A7D200A271B7 /* SlackUIUITests */ = {
			isa = PBXGroup;
			children = (
				2FE671782018A7D200A271B7 /* SlackUIUITests.swift */,
				2FE6717A2018A7D200A271B7 /* Info.plist */,
			);
			path = SlackUIUITests;
			sourceTree = "<group>";
		};
/* End PBXGroup section */

/* Begin PBXNativeTarget section */
		2FE671542018A7D200A271B7 /* SlackUI */ = {
			isa = PBXNativeTarget;
			buildConfigurationList = 2FE6717D2018A7D200A271B7 /* Build configuration list for PBXNativeTarget "SlackUI" */;
			buildPhases = (
				2FE671512018A7D200A271B7 /* Sources */,
				2FE671522018A7D200A271B7 /* Frameworks */,
				2FE671532018A7D200A271B7 /* Resources */,
			);
			buildRules = (
			);
			dependencies = (
			);
			name = SlackUI;
			productName = SlackUI;
			productReference = 2FE671552018A7D200A271B7 /* SlackUI.app */;
			productType = "com.apple.product-type.application";
		};
		2FE671682018A7D200A271B7 /* SlackUITests */ = {
			isa = PBXNativeTarget;
			buildConfigurationList = 2FE671802018A7D200A271B7 /* Build configuration list for PBXNativeTarget "SlackUITests" */;
			buildPhases = (
				2FE671652018A7D200A271B7 /* Sources */,
				2FE671662018A7D200A271B7 /* Frameworks */,
				2FE671672018A7D200A271B7 /* Resources */,
			);
			buildRules = (
			);
			dependencies = (
				2FE6716B2018A7D200A271B7 /* PBXTargetDependency */,
			);
			name = SlackUITests;
			productName = SlackUITests;
			productReference = 2FE671692018A7D200A271B7 /* SlackUITests.xctest */;
			productType = "com.apple.product-type.bundle.unit-test";
		};
		2FE671732018A7D200A271B7 /* SlackUIUITests */ = {
			isa = PBXNativeTarget;
			buildConfigurationList = 2FE671832018A7D200A271B7 /* Build configuration list for PBXNativeTarget "SlackUIUITests" */;
			buildPhases = (
				2FE671702018A7D200A271B7 /* Sources */,
				2FE671712018A7D200A271B7 /* Frameworks */,
				2FE671722018A7D200A271B7 /* Resources */,
			);
			buildRules = (
			);
			dependencies = (
				2FE671762018A7D200A271B7 /* PBXTargetDependency */,
			);
			name = SlackUIUITests;
			productName = SlackUIUITests;
			productReference = 2FE671742018A7D200A271B7 /* SlackUIUITests.xctest */;
			productType = "com.apple.product-type.bundle.ui-testing";
		};
/* End PBXNativeTarget section */

/* Begin PBXProject section */
		2FE6714D2018A7D200A271B7 /* Project object */ = {
			isa = PBXProject;
			attributes = {
				LastSwiftUpdateCheck = 0920;
				LastUpgradeCheck = 0920;
				ORGANIZATIONNAME = leeyoungjoon;
				TargetAttributes = {
					2FE671542018A7D200A271B7 = {
						CreatedOnToolsVersion = 9.2;
						ProvisioningStyle = Automatic;
					};
					2FE671682018A7D200A271B7 = {
						CreatedOnToolsVersion = 9.2;
						ProvisioningStyle = Automatic;
						TestTargetID = 2FE671542018A7D200A271B7;
					};
					2FE671732018A7D200A271B7 = {
						CreatedOnToolsVersion = 9.2;
						ProvisioningStyle = Automatic;
						TestTargetID = 2FE671542018A7D200A271B7;
					};
				};
			};
			buildConfigurationList = 2FE671502018A7D200A271B7 /* Build configuration list for PBXProject "SlackUI" */;
			compatibilityVersion = "Xcode 8.0";
			developmentRegion = en;
			hasScannedForEncodings = 0;
			knownRegions = (
				en,
				Base,
			);
			mainGroup = 2FE6714C2018A7D200A271B7;
			productRefGroup = 2FE671562018A7D200A271B7 /* Products */;
			projectDirPath = "";
			projectRoot = "";
			targets = (
				2FE671542018A7D200A271B7 /* SlackUI */,
				2FE671682018A7D200A271B7 /* SlackUITests */,
				2FE671732018A7D200A271B7 /* SlackUIUITests */,
			);
		};
/* End PBXProject section */

/* Begin PBXResourcesBuildPhase section */
		2FE671532018A7D200A271B7 /* Resources */ = {
			isa = PBXResourcesBuildPhase;
			buildActionMask = 2147483647;
			files = (
				2FE671632018A7D200A271B7 /* LaunchScreen.storyboard in Resources */,
				2FE671602018A7D200A271B7 /* Assets.xcassets in Resources */,
				2FE6715E2018A7D200A271B7 /* Main.storyboard in Resources */,
			);
			runOnlyForDeploymentPostprocessing = 0;
		};
		2FE671672018A7D200A271B7 /* Resources */ = {
			isa = PBXResourcesBuildPhase;
			buildActionMask = 2147483647;
			files = (
			);
			runOnlyForDeploymentPostprocessing = 0;
		};
		2FE671722018A7D200A271B7 /* Resources */ = {
			isa = PBXResourcesBuildPhase;
			buildActionMask = 2147483647;
			files = (
			);
			runOnlyForDeploymentPostprocessing = 0;
		};
/* End PBXResourcesBuildPhase section */

/* Begin PBXSourcesBuildPhase section */
		2FE671512018A7D200A271B7 /* Sources */ = {
			isa = PBXSourcesBuildPhase;
			buildActionMask = 2147483647;
			files = (
				2FE6715B2018A7D200A271B7 /* ViewController.swift in Sources */,
				2FE671592018A7D200A271B7 /* AppDelegate.swift in Sources */,
			);
			runOnlyForDeploymentPostprocessing = 0;
		};
		2FE671652018A7D200A271B7 /* Sources */ = {
			isa = PBXSourcesBuildPhase;
			buildActionMask = 2147483647;
			files = (
				2FE6716E2018A7D200A271B7 /* SlackUITests.swift in Sources */,
			);
			runOnlyForDeploymentPostprocessing = 0;
		};
		2FE671702018A7D200A271B7 /* Sources */ = {
			isa = PBXSourcesBuildPhase;
			buildActionMask = 2147483647;
			files = (
				2FE671792018A7D200A271B7 /* SlackUIUITests.swift in Sources */,
			);
			runOnlyForDeploymentPostprocessing = 0;
		};
/* End PBXSourcesBuildPhase section */

/* Begin PBXTargetDependency section */
		2FE6716B2018A7D200A271B7 /* PBXTargetDependency */ = {
			isa = PBXTargetDependency;
			target = 2FE671542018A7D200A271B7 /* SlackUI */;
			targetProxy = 2FE6716A2018A7D200A271B7 /* PBXContainerItemProxy */;
		};
		2FE671762018A7D200A271B7 /* PBXTargetDependency */ = {
			isa = PBXTargetDependency;
			target = 2FE671542018A7D200A271B7 /* SlackUI */;
			targetProxy = 2FE671752018A7D200A271B7 /* PBXContainerItemProxy */;
		};
/* End PBXTargetDependency section */

/* Begin PBXVariantGroup section */
		2FE6715C2018A7D200A271B7 /* Main.storyboard */ = {
			isa = PBXVariantGroup;
			children = (
				2FE6715D2018A7D200A271B7 /* Base */,
			);
			name = Main.storyboard;
			sourceTree = "<group>";
		};
		2FE671612018A7D200A271B7 /* LaunchScreen.storyboard */ = {
			isa = PBXVariantGroup;
			children = (
				2FE671622018A7D200A271B7 /* Base */,
			);
			name = LaunchScreen.storyboard;
			sourceTree = "<group>";
		};
/* End PBXVariantGroup section */

/* Begin XCBuildConfiguration section */
		2FE6717B2018A7D200A271B7 /* Debug */ = {
			isa = XCBuildConfiguration;
			buildSettings = {
				ALWAYS_SEARCH_USER_PATHS = NO;
				CLANG_ANALYZER_NONNULL = YES;
				CLANG_ANALYZER_NUMBER_OBJECT_CONVERSION = YES_AGGRESSIVE;
				CLANG_CXX_LANGUAGE_STANDARD = "gnu++14";
				CLANG_CXX_LIBRARY = "libc++";
				CLANG_ENABLE_MODULES = YES;
				CLANG_ENABLE_OBJC_ARC = YES;
				CLANG_WARN_BLOCK_CAPTURE_AUTORELEASING = YES;
				CLANG_WARN_BOOL_CONVERSION = YES;
				CLANG_WARN_COMMA = YES;
				CLANG_WARN_CONSTANT_CONVERSION = YES;
				CLANG_WARN_DIRECT_OBJC_ISA_USAGE = YES_ERROR;
				CLANG_WARN_DOCUMENTATION_COMMENTS = YES;
				CLANG_WARN_EMPTY_BODY = YES;
				CLANG_WARN_ENUM_CONVERSION = YES;
				CLANG_WARN_INFINITE_RECURSION = YES;
				CLANG_WARN_INT_CONVERSION = YES;
				CLANG_WARN_NON_LITERAL_NULL_CONVERSION = YES;
				CLANG_WARN_OBJC_LITERAL_CONVERSION = YES;
				CLANG_WARN_OBJC_ROOT_CLASS = YES_ERROR;
				CLANG_WARN_RANGE_LOOP_ANALYSIS = YES;
				CLANG_WARN_STRICT_PROTOTYPES = YES;
				CLANG_WARN_SUSPICIOUS_MOVE = YES;
				CLANG_WARN_UNGUARDED_AVAILABILITY = YES_AGGRESSIVE;
				CLANG_WARN_UNREACHABLE_CODE = YES;
				CLANG_WARN__DUPLICATE_METHOD_MATCH = YES;
				CODE_SIGN_IDENTITY = "iPhone Developer";
				COPY_PHASE_STRIP = NO;
				DEBUG_INFORMATION_FORMAT = dwarf;
				ENABLE_STRICT_OBJC_MSGSEND = YES;
				ENABLE_TESTABILITY = YES;
				GCC_C_LANGUAGE_STANDARD = gnu11;
				GCC_DYNAMIC_NO_PIC = NO;
				GCC_NO_COMMON_BLOCKS = YES;
				GCC_OPTIMIZATION_LEVEL = 0;
				GCC_PREPROCESSOR_DEFINITIONS = (
					"DEBUG=1",
					"$(inherited)",
				);
				GCC_WARN_64_TO_32_BIT_CONVERSION = YES;
				GCC_WARN_ABOUT_RETURN_TYPE = YES_ERROR;
				GCC_WARN_UNDECLARED_SELECTOR = YES;
				GCC_WARN_UNINITIALIZED_AUTOS = YES_AGGRESSIVE;
				GCC_WARN_UNUSED_FUNCTION = YES;
				GCC_WARN_UNUSED_VARIABLE = YES;
				IPHONEOS_DEPLOYMENT_TARGET = 11.2;
				MTL_ENABLE_DEBUG_INFO = YES;
				ONLY_ACTIVE_ARCH = YES;
				SDKROOT = iphoneos;
				SWIFT_ACTIVE_COMPILATION_CONDITIONS = DEBUG;
				SWIFT_OPTIMIZATION_LEVEL = "-Onone";
			};
			name = Debug;
		};
		2FE6717C2018A7D200A271B7 /* Release */ = {
			isa = XCBuildConfiguration;
			buildSettings = {
				ALWAYS_SEARCH_USER_PATHS = NO;
				CLANG_ANALYZER_NONNULL = YES;
				CLANG_ANALYZER_NUMBER_OBJECT_CONVERSION = YES_AGGRESSIVE;
				CLANG_CXX_LANGUAGE_STANDARD = "gnu++14";
				CLANG_CXX_LIBRARY = "libc++";
				CLANG_ENABLE_MODULES = YES;
				CLANG_ENABLE_OBJC_ARC = YES;
				CLANG_WARN_BLOCK_CAPTURE_AUTORELEASING = YES;
				CLANG_WARN_BOOL_CONVERSION = YES;
				CLANG_WARN_COMMA = YES;
				CLANG_WARN_CONSTANT_CONVERSION = YES;
				CLANG_WARN_DIRECT_OBJC_ISA_USAGE = YES_ERROR;
				CLANG_WARN_DOCUMENTATION_COMMENTS = YES;
				CLANG_WARN_EMPTY_BODY = YES;
				CLANG_WARN_ENUM_CONVERSION = YES;
				CLANG_WARN_INFINITE_RECURSION = YES;
				CLANG_WARN_INT_CONVERSION = YES;
				CLANG_WARN_NON_LITERAL_NULL_CONVERSION = YES;
				CLANG_WARN_OBJC_LITERAL_CONVERSION = YES;
				CLANG_WARN_OBJC_ROOT_CLASS = YES_ERROR;
				CLANG_WARN_RANGE_LOOP_ANALYSIS = YES;
				CLANG_WARN_STRICT_PROTOTYPES = YES;
				CLANG_WARN_SUSPICIOUS_MOVE = YES;
				CLANG_WARN_UNGUARDED_AVAILABILITY = YES_AGGRESSIVE;
				CLANG_WARN_UNREACHABLE_CODE = YES;
				CLANG_WARN__DUPLICATE_METHOD_MATCH = YES;
				CODE_SIGN_IDENTITY = "iPhone Developer";
				COPY_PHASE_STRIP = NO;
				DEBUG_INFORMATION_FORMAT = "dwarf-with-dsym";
				ENABLE_NS_ASSERTIONS = NO;
				ENABLE_STRICT_OBJC_MSGSEND = YES;
				GCC_C_LANGUAGE_STANDARD = gnu11;
				GCC_NO_COMMON_BLOCKS = YES;
				GCC_WARN_64_TO_32_BIT_CONVERSION = YES;
				GCC_WARN_ABOUT_RETURN_TYPE = YES_ERROR;
				GCC_WARN_UNDECLARED_SELECTOR = YES;
				GCC_WARN_UNINITIALIZED_AUTOS = YES_AGGRESSIVE;
				GCC_WARN_UNUSED_FUNCTION = YES;
				GCC_WARN_UNUSED_VARIABLE = YES;
				IPHONEOS_DEPLOYMENT_TARGET = 11.2;
				MTL_ENABLE_DEBUG_INFO = NO;
				SDKROOT = iphoneos;
				SWIFT_OPTIMIZATION_LEVEL = "-Owholemodule";
				VALIDATE_PRODUCT = YES;
			};
			name = Release;
		};
		2FE6717E2018A7D200A271B7 /* Debug */ = {
			isa = XCBuildConfiguration;
			buildSettings = {
				ASSETCATALOG_COMPILER_APPICON_NAME = AppIcon;
				CODE_SIGN_STYLE = Automatic;
				DEVELOPMENT_TEAM = Z362WAX4AX;
				INFOPLIST_FILE = SlackUI/Info.plist;
				LD_RUNPATH_SEARCH_PATHS = "$(inherited) @executable_path/Frameworks";
				PRODUCT_BUNDLE_IDENTIFIER = Nicname.SlackUI;
				PRODUCT_NAME = "$(TARGET_NAME)";
				SWIFT_VERSION = 4.0;
				TARGETED_DEVICE_FAMILY = "1,2";
			};
			name = Debug;
		};
		2FE6717F2018A7D200A271B7 /* Release */ = {
			isa = XCBuildConfiguration;
			buildSettings = {
				ASSETCATALOG_COMPILER_APPICON_NAME = AppIcon;
				CODE_SIGN_STYLE = Automatic;
				DEVELOPMENT_TEAM = Z362WAX4AX;
				INFOPLIST_FILE = SlackUI/Info.plist;
				LD_RUNPATH_SEARCH_PATHS = "$(inherited) @executable_path/Frameworks";
				PRODUCT_BUNDLE_IDENTIFIER = Nicname.SlackUI;
				PRODUCT_NAME = "$(TARGET_NAME)";
				SWIFT_VERSION = 4.0;
				TARGETED_DEVICE_FAMILY = "1,2";
			};
			name = Release;
		};
		2FE671812018A7D200A271B7 /* Debug */ = {
			isa = XCBuildConfiguration;
			buildSettings = {
				ALWAYS_EMBED_SWIFT_STANDARD_LIBRARIES = YES;
				BUNDLE_LOADER = "$(TEST_HOST)";
				CODE_SIGN_STYLE = Automatic;
				INFOPLIST_FILE = SlackUITests/Info.plist;
				LD_RUNPATH_SEARCH_PATHS = "$(inherited) @executable_path/Frameworks @loader_path/Frameworks";
				PRODUCT_BUNDLE_IDENTIFIER = Nicname.SlackUITests;
				PRODUCT_NAME = "$(TARGET_NAME)";
				SWIFT_VERSION = 4.0;
				TARGETED_DEVICE_FAMILY = "1,2";
				TEST_HOST = "$(BUILT_PRODUCTS_DIR)/SlackUI.app/SlackUI";
			};
			name = Debug;
		};
		2FE671822018A7D200A271B7 /* Release */ = {
			isa = XCBuildConfiguration;
			buildSettings = {
				ALWAYS_EMBED_SWIFT_STANDARD_LIBRARIES = YES;
				BUNDLE_LOADER = "$(TEST_HOST)";
				CODE_SIGN_STYLE = Automatic;
				INFOPLIST_FILE = SlackUITests/Info.plist;
				LD_RUNPATH_SEARCH_PATHS = "$(inherited) @executable_path/Frameworks @loader_path/Frameworks";
				PRODUCT_BUNDLE_IDENTIFIER = Nicname.SlackUITests;
				PRODUCT_NAME = "$(TARGET_NAME)";
				SWIFT_VERSION = 4.0;
				TARGETED_DEVICE_FAMILY = "1,2";
				TEST_HOST = "$(BUILT_PRODUCTS_DIR)/SlackUI.app/SlackUI";
			};
			name = Release;
		};
		2FE671842018A7D200A271B7 /* Debug */ = {
			isa = XCBuildConfiguration;
			buildSettings = {
				ALWAYS_EMBED_SWIFT_STANDARD_LIBRARIES = YES;
				CODE_SIGN_STYLE = Automatic;
				INFOPLIST_FILE = SlackUIUITests/Info.plist;
				LD_RUNPATH_SEARCH_PATHS = "$(inherited) @executable_path/Frameworks @loader_path/Frameworks";
				PRODUCT_BUNDLE_IDENTIFIER = Nicname.SlackUIUITests;
				PRODUCT_NAME = "$(TARGET_NAME)";
				SWIFT_VERSION = 4.0;
				TARGETED_DEVICE_FAMILY = "1,2";
				TEST_TARGET_NAME = SlackUI;
			};
			name = Debug;
		};
		2FE671852018A7D200A271B7 /* Release */ = {
			isa = XCBuildConfiguration;
			buildSettings = {
				ALWAYS_EMBED_SWIFT_STANDARD_LIBRARIES = YES;
				CODE_SIGN_STYLE = Automatic;
				INFOPLIST_FILE = SlackUIUITests/Info.plist;
				LD_RUNPATH_SEARCH_PATHS = "$(inherited) @executable_path/Frameworks @loader_path/Frameworks";
				PRODUCT_BUNDLE_IDENTIFIER = Nicname.SlackUIUITests;
				PRODUCT_NAME = "$(TARGET_NAME)";
				SWIFT_VERSION = 4.0;
				TARGETED_DEVICE_FAMILY = "1,2";
				TEST_TARGET_NAME = SlackUI;
			};
			name = Release;
		};
/* End XCBuildConfiguration section */

/* Begin XCConfigurationList section */
		2FE671502018A7D200A271B7 /* Build configuration list for PBXProject "SlackUI" */ = {
			isa = XCConfigurationList;
			buildConfigurations = (
				2FE6717B2018A7D200A271B7 /* Debug */,
				2FE6717C2018A7D200A271B7 /* Release */,
			);
			defaultConfigurationIsVisible = 0;
			defaultConfigurationName = Release;
		};
		2FE6717D2018A7D200A271B7 /* Build configuration list for PBXNativeTarget "SlackUI" */ = {
			isa = XCConfigurationList;
			buildConfigurations = (
				2FE6717E2018A7D200A271B7 /* Debug */,
				2FE6717F2018A7D200A271B7 /* Release */,
			);
			defaultConfigurationIsVisible = 0;
			defaultConfigurationName = Release;
		};
		2FE671802018A7D200A271B7 /* Build configuration list for PBXNativeTarget "SlackUITests" */ = {
			isa = XCConfigurationList;
			buildConfigurations = (
				2FE671812018A7D200A271B7 /* Debug */,
				2FE671822018A7D200A271B7 /* Release */,
			);
			defaultConfigurationIsVisible = 0;
			defaultConfigurationName = Release;
		};
		2FE671832018A7D200A271B7 /* Build configuration list for PBXNativeTarget "SlackUIUITests" */ = {
			isa = XCConfigurationList;
			buildConfigurations = (
				2FE671842018A7D200A271B7 /* Debug */,
				2FE671852018A7D200A271B7 /* Release */,
			);
			defaultConfigurationIsVisible = 0;
			defaultConfigurationName = Release;
		};
/* End XCConfigurationList section */
	};
	rootObject = 2FE6714D2018A7D200A271B7 /* Project object */;
}
